
Microsoft Visual Studio Solution File, Format Version 12.00
# Visual Studio 15
VisualStudioVersion = 15.0.28307.421
MinimumVisualStudioVersion = 10.0.40219.1
Project("{9A19103F-16F7-4668-BE54-9A1E7A4F7556}") = "Uppgift1", "Uppgift1.csproj", "{DA47B09D-3B3E-4CFE-B095-F0B024FC559E}"
EndProject
Global
	GlobalSection(SolutionConfigurationPlatforms) = preSolution
		Debug|Any CPU = Debug|Any CPU
		Release|Any CPU = Release|Any CPU
	EndGlobalSection
	GlobalSection(ProjectConfigurationPlatforms) = postSolution
		{DA47B09D-3B3E-4CFE-B095-F0B024FC559E}.Debug|Any CPU.ActiveCfg = Debug|Any CPU
		{DA47B09D-3B3E-4CFE-B095-F0B024FC559E}.Debug|Any CPU.Build.0 = Debug|Any CPU
		{DA47B09D-3B3E-4CFE-B095-F0B024FC559E}.Release|Any CPU.ActiveCfg = Release|Any CPU
		{DA47B09D-3B3E-4CFE-B095-F0B024FC559E}.Release|Any CPU.Build.0 = Release|Any CPU
	EndGlobalSection
	GlobalSection(SolutionProperties) = preSolution
		HideSolutionNode = FALSE
	EndGlobalSection
	GlobalSection(ExtensibilityGlobals) = postSolution
		SolutionGuid = {FA3C78EF-1E30-4601-AEBA-0E4654CAD4EF}
	EndGlobalSection
EndGlobal
